version = 1
revision = 2
requires-python = "==3.7.*"

[[package]]
name = "black"
version = "22.12.0"
source = { registry = "https://mirrors.tuna.tsinghua.edu.cn/pypi/web/simple/" }
dependencies = [
    { name = "click" },
    { name = "mypy-extensions" },
    { name = "pathspec" },
    { name = "platformdirs" },
    { name = "tomli" },
    { name = "typed-ast", marker = "implementation_name == 'cpython'" },
    { name = "typing-extensions" },
]
sdist = { url = "https://mirrors.tuna.tsinghua.edu.cn/pypi/web/packages/a6/59/e873cc6807fb62c11131e5258ca15577a3b7452abad08dc49286cf8245e8/black-22.12.0.tar.gz", hash = "sha256:229351e5a18ca30f447bf724d007f890f97e13af070bb6ad4c0a441cd7596a2f", size = 553112, upload-time = "2022-12-09T15:57:04.428Z" }
wheels = [
    { url = "https://mirrors.tuna.tsinghua.edu.cn/pypi/web/packages/f1/b7/6de002378cfe0b83beba72f0a7875dfb6005b2a214ac9f9ca689583069ef/black-22.12.0-cp37-cp37m-manylinux_2_17_x86_64.manylinux2014_x86_64.whl", hash = "sha256:c116eed0efb9ff870ded8b62fe9f28dd61ef6e9ddd28d83d7d264a38417dcee2", size = 1477486, upload-time = "2022-12-09T16:04:14.74Z" },
    { url = "https://mirrors.tuna.tsinghua.edu.cn/pypi/web/packages/eb/91/e0ccc36f8e1a00ed3c343741ca7ffe954e33cd2be0cada039845ff9e0539/black-22.12.0-cp37-cp37m-win_amd64.whl", hash = "sha256:1f58cbe16dfe8c12b7434e50ff889fa479072096d79f0a7f25e4ab8e94cd8350", size = 1148637, upload-time = "2022-12-09T16:14:41.915Z" },
    { url = "https://mirrors.tuna.tsinghua.edu.cn/pypi/web/packages/0c/51/1f7f93c0555eaf4cbb628e26ba026e3256174a45bd9397ff1ea7cf96bad5/black-22.12.0-py3-none-any.whl", hash = "sha256:436cc9167dd28040ad90d3b404aec22cedf24a6e4d7de221bec2730ec0c97bcf", size = 167343, upload-time = "2022-12-09T15:57:02.229Z" },
]

[[package]]
name = "click"
version = "8.1.8"
source = { registry = "https://mirrors.tuna.tsinghua.edu.cn/pypi/web/simple/" }
dependencies = [
    { name = "colorama", marker = "sys_platform == 'win32'" },
    { name = "importlib-metadata" },
]
sdist = { url = "https://mirrors.tuna.tsinghua.edu.cn/pypi/web/packages/b9/2e/0090cbf739cee7d23781ad4b89a9894a41538e4fcf4c31dcdd705b78eb8b/click-8.1.8.tar.gz", hash = "sha256:ed53c9d8990d83c2a27deae68e4ee337473f6330c040a31d4225c9574d16096a", size = 226593, upload-time = "2024-12-21T18:38:44.339Z" }
wheels = [
    { url = "https://mirrors.tuna.tsinghua.edu.cn/pypi/web/packages/7e/d4/7ebdbd03970677812aac39c869717059dbb71a4cfc033ca6e5221787892c/click-8.1.8-py3-none-any.whl", hash = "sha256:63c132bbbed01578a06712a2d1f497bb62d9c1c0d329b7903a866228027263b2", size = 98188, upload-time = "2024-12-21T18:38:41.666Z" },
]

[[package]]
name = "colorama"
version = "0.4.6"
source = { registry = "https://mirrors.tuna.tsinghua.edu.cn/pypi/web/simple/" }
sdist = { url = "https://mirrors.tuna.tsinghua.edu.cn/pypi/web/packages/d8/53/6f443c9a4a8358a93a6792e2acffb9d9d5cb0a5cfd8802644b7b1c9a02e4/colorama-0.4.6.tar.gz", hash = "sha256:08695f5cb7ed6e0531a20572697297273c47b8cae5a63ffc6d6ed5c201be6e44", size = 27697, upload-time = "2022-10-25T02:36:22.414Z" }
wheels = [
    { url = "https://mirrors.tuna.tsinghua.edu.cn/pypi/web/packages/d1/d6/3965ed04c63042e047cb6a3e6ed1a63a35087b6a609aa3a15ed8ac56c221/colorama-0.4.6-py2.py3-none-any.whl", hash = "sha256:4f1d9991f5acc0ca119f9d443620b77f9d6b33703e51011c16baf57afb285fc6", size = 25335, upload-time = "2022-10-25T02:36:20.889Z" },
]

[[package]]
name = "exceptiongroup"
version = "1.3.0"
source = { registry = "https://mirrors.tuna.tsinghua.edu.cn/pypi/web/simple/" }
dependencies = [
    { name = "typing-extensions" },
]
sdist = { url = "https://mirrors.tuna.tsinghua.edu.cn/pypi/web/packages/0b/9f/a65090624ecf468cdca03533906e7c69ed7588582240cfe7cc9e770b50eb/exceptiongroup-1.3.0.tar.gz", hash = "sha256:b241f5885f560bc56a59ee63ca4c6a8bfa46ae4ad651af316d4e81817bb9fd88", size = 29749, upload-time = "2025-05-10T17:42:51.123Z" }
wheels = [
    { url = "https://mirrors.tuna.tsinghua.edu.cn/pypi/web/packages/36/f4/c6e662dade71f56cd2f3735141b265c3c79293c109549c1e6933b0651ffc/exceptiongroup-1.3.0-py3-none-any.whl", hash = "sha256:4d111e6e0c13d0644cad6ddaa7ed0261a0b36971f6d23e7ec9b4b9097da78a10", size = 16674, upload-time = "2025-05-10T17:42:49.33Z" },
]

[[package]]
name = "flake8"
version = "4.0.1"
source = { registry = "https://mirrors.tuna.tsinghua.edu.cn/pypi/web/simple/" }
dependencies = [
    { name = "importlib-metadata" },
    { name = "mccabe" },
    { name = "pycodestyle" },
    { name = "pyflakes" },
]
sdist = { url = "https://mirrors.tuna.tsinghua.edu.cn/pypi/web/packages/e6/84/d8db922289195c435779b4ca3a3f583f263f87e67954f7b2e83c8da21f48/flake8-4.0.1.tar.gz", hash = "sha256:806e034dda44114815e23c16ef92f95c91e4c71100ff52813adf7132a6ad870d", size = 154905, upload-time = "2021-10-11T12:42:48.941Z" }
wheels = [
    { url = "https://mirrors.tuna.tsinghua.edu.cn/pypi/web/packages/34/39/cde2c8a227abb4f9ce62fe55586b920f438f1d2903a1a22514d0b982c333/flake8-4.0.1-py2.py3-none-any.whl", hash = "sha256:479b1304f72536a55948cb40a32dce8bb0ffe3501e26eaf292c7e60eb5e0428d", size = 64091, upload-time = "2021-10-11T12:42:47.401Z" },
]

[[package]]
name = "importlib-metadata"
version = "4.2.0"
source = { registry = "https://mirrors.tuna.tsinghua.edu.cn/pypi/web/simple/" }
dependencies = [
    { name = "typing-extensions" },
    { name = "zipp" },
]
sdist = { url = "https://mirrors.tuna.tsinghua.edu.cn/pypi/web/packages/c7/7c/126a8686399ebe256b5e4343ea80b6f2ee91549969da2eef0bb2891b8d24/importlib_metadata-4.2.0.tar.gz", hash = "sha256:b7e52a1f8dec14a75ea73e0891f3060099ca1d8e6a462a4dff11c3e119ea1b31", size = 38311, upload-time = "2021-05-26T17:37:50.048Z" }
wheels = [
    { url = "https://mirrors.tuna.tsinghua.edu.cn/pypi/web/packages/22/51/52442c59db26637681148c21f8984eed58c9db67053a0a4783a047010c98/importlib_metadata-4.2.0-py3-none-any.whl", hash = "sha256:057e92c15bc8d9e8109738a48db0ccb31b4d9d5cfbee5a8670879a30be66304b", size = 16657, upload-time = "2021-05-26T17:37:48.776Z" },
]

[[package]]
name = "iniconfig"
version = "2.0.0"
source = { registry = "https://mirrors.tuna.tsinghua.edu.cn/pypi/web/simple/" }
sdist = { url = "https://mirrors.tuna.tsinghua.edu.cn/pypi/web/packages/d7/4b/cbd8e699e64a6f16ca3a8220661b5f83792b3017d0f79807cb8708d33913/iniconfig-2.0.0.tar.gz", hash = "sha256:2d91e135bf72d31a410b17c16da610a82cb55f6b0477d1a902134b24a455b8b3", size = 4646, upload-time = "2023-01-07T11:08:11.254Z" }
wheels = [
    { url = "https://mirrors.tuna.tsinghua.edu.cn/pypi/web/packages/ef/a6/62565a6e1cf69e10f5727360368e451d4b7f58beeac6173dc9db836a5b46/iniconfig-2.0.0-py3-none-any.whl", hash = "sha256:b6a85871a79d2e3b22d2d1b94ac2824226a63c6b741c88f7ae975f18b6778374", size = 5892, upload-time = "2023-01-07T11:08:09.864Z" },
]

[[package]]
name = "mccabe"
version = "0.6.1"
source = { registry = "https://mirrors.tuna.tsinghua.edu.cn/pypi/web/simple/" }
sdist = { url = "https://mirrors.tuna.tsinghua.edu.cn/pypi/web/packages/06/18/fa675aa501e11d6d6ca0ae73a101b2f3571a565e0f7d38e062eec18a91ee/mccabe-0.6.1.tar.gz", hash = "sha256:dd8d182285a0fe56bace7f45b5e7d1a6ebcbf524e8f3bd87eb0f125271b8831f", size = 8612, upload-time = "2017-01-26T22:13:15.699Z" }
wheels = [
    { url = "https://mirrors.tuna.tsinghua.edu.cn/pypi/web/packages/87/89/479dc97e18549e21354893e4ee4ef36db1d237534982482c3681ee6e7b57/mccabe-0.6.1-py2.py3-none-any.whl", hash = "sha256:ab8a6258860da4b6677da4bd2fe5dc2c659cff31b3ee4f7f5d64e79735b80d42", size = 8556, upload-time = "2017-01-26T22:13:14.36Z" },
]

[[package]]
name = "mypy"
version = "0.991"
source = { registry = "https://mirrors.tuna.tsinghua.edu.cn/pypi/web/simple/" }
dependencies = [
    { name = "mypy-extensions" },
    { name = "tomli" },
    { name = "typed-ast" },
    { name = "typing-extensions" },
]
sdist = { url = "https://mirrors.tuna.tsinghua.edu.cn/pypi/web/packages/0e/5c/fbe112ca73d4c6a9e65336f48099c60800514d8949b4129c093a84a28dc8/mypy-0.991.tar.gz", hash = "sha256:3c0165ba8f354a6d9881809ef29f1a9318a236a6d81c690094c5df32107bde06", size = 2688198, upload-time = "2022-11-14T16:59:24.952Z" }
wheels = [
    { url = "https://mirrors.tuna.tsinghua.edu.cn/pypi/web/packages/9b/b1/0d5f1549c2894fd9af744e886156870d98ea0b1784952989f10e51eb0030/mypy-0.991-cp37-cp37m-macosx_10_9_x86_64.whl", hash = "sha256:1f7d1a520373e2272b10796c3ff721ea1a0712288cafaa95931e66aa15798813", size = 10722875, upload-time = "2022-11-14T16:58:04.804Z" },
    { url = "https://mirrors.tuna.tsinghua.edu.cn/pypi/web/packages/97/e3/1da0f08c60f555c04b93eff4016611fa1858ea53111dbdc757a37c234042/mypy-0.991-cp37-cp37m-manylinux_2_17_x86_64.manylinux2014_x86_64.whl", hash = "sha256:641411733b127c3e0dab94c45af15fea99e4468f99ac88b39efb1ad677da5711", size = 15491622, upload-time = "2022-11-14T16:58:00.276Z" },
    { url = "https://mirrors.tuna.tsinghua.edu.cn/pypi/web/packages/90/a5/3a2c0c02e99a845318cc25556097d96eb8eb85fe53619ac8ff37b44acc46/mypy-0.991-cp37-cp37m-musllinux_1_1_x86_64.whl", hash = "sha256:3d80e36b7d7a9259b740be6d8d906221789b0d836201af4234093cae89ced0cd", size = 17164723, upload-time = "2022-11-14T16:57:54.789Z" },
    { url = "https://mirrors.tuna.tsinghua.edu.cn/pypi/web/packages/b1/30/24a92552a7c3df25db5a2e56ae359b4aa9bba6aebc8f0e25523a94e5c1e7/mypy-0.991-cp37-cp37m-win_amd64.whl", hash = "sha256:e62ebaad93be3ad1a828a11e90f0e76f15449371ffeecca4a0a0b9adc99abcef", size = 8370333, upload-time = "2022-11-14T16:57:34.242Z" },
    { url = "https://mirrors.tuna.tsinghua.edu.cn/pypi/web/packages/e7/a1/c503a15ad69ff133a76c159b8287f0eadc1f521d9796bf81f935886c98f6/mypy-0.991-py3-none-any.whl", hash = "sha256:de32edc9b0a7e67c2775e574cb061a537660e51210fbf6006b0b36ea695ae9bb", size = 2307767, upload-time = "2022-11-14T16:56:33.004Z" },
]

[[package]]
name = "mypy-extensions"
version = "1.0.0"
source = { registry = "https://mirrors.tuna.tsinghua.edu.cn/pypi/web/simple/" }
sdist = { url = "https://mirrors.tuna.tsinghua.edu.cn/pypi/web/packages/98/a4/1ab47638b92648243faf97a5aeb6ea83059cc3624972ab6b8d2316078d3f/mypy_extensions-1.0.0.tar.gz", hash = "sha256:75dbf8955dc00442a438fc4d0666508a9a97b6bd41aa2f0ffe9d2f2725af0782", size = 4433, upload-time = "2023-02-04T12:11:27.157Z" }
wheels = [
    { url = "https://mirrors.tuna.tsinghua.edu.cn/pypi/web/packages/2a/e2/5d3f6ada4297caebe1a2add3b126fe800c96f56dbe5d1988a2cbe0b267aa/mypy_extensions-1.0.0-py3-none-any.whl", hash = "sha256:4392f6c0eb8a5668a69e23d168ffa70f0be9ccfd32b5cc2d26a34ae5b844552d", size = 4695, upload-time = "2023-02-04T12:11:25.002Z" },
]

[[package]]
name = "numpy"
version = "1.21.6"
source = { registry = "https://mirrors.tuna.tsinghua.edu.cn/pypi/web/simple/" }
sdist = { url = "https://mirrors.tuna.tsinghua.edu.cn/pypi/web/packages/45/b7/de7b8e67f2232c26af57c205aaad29fe17754f793404f59c8a730c7a191a/numpy-1.21.6.zip", hash = "sha256:ecb55251139706669fdec2ff073c98ef8e9a84473e51e716211b41aa0f18e656", size = 10274544, upload-time = "2022-04-12T15:23:55.653Z" }
wheels = [
    { url = "https://mirrors.tuna.tsinghua.edu.cn/pypi/web/packages/32/dd/43d8b2b2ebf424f6555271a4c9f5b50dc3cc0aafa66c72b4d36863f71358/numpy-1.21.6-cp37-cp37m-macosx_10_9_x86_64.whl", hash = "sha256:6aaf96c7f8cebc220cdfc03f1d5a31952f027dda050e5a703a0d1c396075e3e7", size = 16894122, upload-time = "2022-04-12T14:50:50.66Z" },
    { url = "https://mirrors.tuna.tsinghua.edu.cn/pypi/web/packages/06/78/b184f13f5461812a17a90b380d70a93fa3532460f0af9d72b0d93d8bc4ff/numpy-1.21.6-cp37-cp37m-manylinux_2_12_i686.manylinux2010_i686.whl", hash = "sha256:67c261d6c0a9981820c3a149d255a76918278a6b03b6a036800359aba1256d46", size = 13670697, upload-time = "2022-04-12T14:51:11.878Z" },
    { url = "https://mirrors.tuna.tsinghua.edu.cn/pypi/web/packages/6d/ad/ff3b21ebfe79a4d25b4a4f8e5cf9fd44a204adb6b33c09010f566f51027a/numpy-1.21.6-cp37-cp37m-manylinux_2_12_x86_64.manylinux2010_x86_64.whl", hash = "sha256:a6be4cb0ef3b8c9250c19cc122267263093eee7edd4e3fa75395dfda8c17a8e2", size = 15702369, upload-time = "2022-04-12T14:51:35.292Z" },
    { url = "https://mirrors.tuna.tsinghua.edu.cn/pypi/web/packages/b7/0d/86662f93102e42545cdf031da4fddf0ace9030ec67478932a628afc5973b/numpy-1.21.6-cp37-cp37m-manylinux_2_17_aarch64.manylinux2014_aarch64.whl", hash = "sha256:7c4068a8c44014b2d55f3c3f574c376b2494ca9cc73d2f1bd692382b6dffe3db", size = 12974170, upload-time = "2022-04-12T14:51:55.493Z" },
    { url = "https://mirrors.tuna.tsinghua.edu.cn/pypi/web/packages/cd/eb/f6f3258e7b0e0cc5c327778312bf4ee4978c8514aa28e97119ee206f6e60/numpy-1.21.6-cp37-cp37m-win32.whl", hash = "sha256:7c7e5fa88d9ff656e067876e4736379cc962d185d5cd808014a8a928d529ef4e", size = 11680505, upload-time = "2022-04-12T14:52:14.056Z" },
    { url = "https://mirrors.tuna.tsinghua.edu.cn/pypi/web/packages/97/9f/da37cc4a188a1d5d203d65ab28d6504e17594b5342e0c1dc5610ee6f4535/numpy-1.21.6-cp37-cp37m-win_amd64.whl", hash = "sha256:bcb238c9c96c00d3085b264e5c1a1207672577b93fa666c3b14a45240b14123a", size = 13969236, upload-time = "2022-04-12T14:52:35.45Z" },
    { url = "https://mirrors.tuna.tsinghua.edu.cn/pypi/web/packages/2e/5a/6f3e280a10de48395053a559bfcb3b2221b74b57d062c1d6307fc965f549/numpy-1.21.6-pp37-pypy37_pp73-manylinux_2_12_x86_64.manylinux2010_x86_64.whl", hash = "sha256:dd1c8f6bd65d07d3810b90d02eba7997e32abbdf1277a481d698969e921a3be0", size = 15159527, upload-time = "2022-04-12T14:59:16.193Z" },
]

[[package]]
name = "nvidia-cublas-cu11"
version = "11.10.3.66"
source = { registry = "https://mirrors.tuna.tsinghua.edu.cn/pypi/web/simple/" }
dependencies = [
    { name = "setuptools" },
    { name = "wheel" },
]
wheels = [
    { url = "https://mirrors.tuna.tsinghua.edu.cn/pypi/web/packages/ce/41/fdeb62b5437996e841d83d7d2714ca75b886547ee8017ee2fe6ea409d983/nvidia_cublas_cu11-11.10.3.66-py3-none-manylinux1_x86_64.whl", hash = "sha256:d32e4d75f94ddfb93ea0a5dda08389bcc65d8916a25cb9f37ac89edaeed3bded", size = 317097917, upload-time = "2022-08-11T17:32:30.789Z" },
]

[[package]]
name = "nvidia-cuda-nvrtc-cu11"
version = "11.7.99"
source = { registry = "https://mirrors.tuna.tsinghua.edu.cn/pypi/web/simple/" }
wheels = [
    { url = "https://mirrors.tuna.tsinghua.edu.cn/pypi/web/packages/ef/25/922c5996aada6611b79b53985af7999fc629aee1d5d001b6a22431e18fec/nvidia_cuda_nvrtc_cu11-11.7.99-2-py3-none-manylinux1_x86_64.whl", hash = "sha256:9f1562822ea264b7e34ed5930567e89242d266448e936b85bc97a3370feabb03", size = 21011023, upload-time = "2022-09-21T23:12:53.384Z" },
    { url = "https://mirrors.tuna.tsinghua.edu.cn/pypi/web/packages/ea/8d/0709ba16c2831c17ec1c2ea1eeb89ada11ffa8d966d773cce0a7463b22bb/nvidia_cuda_nvrtc_cu11-11.7.99-py3-none-manylinux1_x86_64.whl", hash = "sha256:f7d9610d9b7c331fa0da2d1b2858a4a8315e6d49765091d28711c8946e7425e7", size = 21010447, upload-time = "2022-08-03T20:59:13.991Z" },
]

[[package]]
name = "nvidia-cuda-runtime-cu11"
version = "11.7.99"
source = { registry = "https://mirrors.tuna.tsinghua.edu.cn/pypi/web/simple/" }
dependencies = [
    { name = "setuptools" },
    { name = "wheel" },
]
wheels = [
    { url = "https://mirrors.tuna.tsinghua.edu.cn/pypi/web/packages/36/92/89cf558b514125d2ebd8344dd2f0533404b416486ff681d5434a5832a019/nvidia_cuda_runtime_cu11-11.7.99-py3-none-manylinux1_x86_64.whl", hash = "sha256:cc768314ae58d2641f07eac350f40f99dcb35719c4faff4bc458a7cd2b119e31", size = 849253, upload-time = "2022-08-03T20:58:27.979Z" },
]

[[package]]
name = "nvidia-cudnn-cu11"
version = "8.5.0.96"
source = { registry = "https://mirrors.tuna.tsinghua.edu.cn/pypi/web/simple/" }
dependencies = [
    { name = "nvidia-cublas-cu11" },
]
wheels = [
    { url = "https://mirrors.tuna.tsinghua.edu.cn/pypi/web/packages/dc/30/66d4347d6e864334da5bb1c7571305e501dcb11b9155971421bb7bb5315f/nvidia_cudnn_cu11-8.5.0.96-2-py3-none-manylinux1_x86_64.whl", hash = "sha256:402f40adfc6f418f9dae9ab402e773cfed9beae52333f6d86ae3107a1b9527e7", size = 557141533, upload-time = "2022-09-21T21:55:09.845Z" },
    { url = "https://mirrors.tuna.tsinghua.edu.cn/pypi/web/packages/db/69/4d28d4706946f89fffe3f87373a079ae95dc17f9c0fcd840fe570c67e36b/nvidia_cudnn_cu11-8.5.0.96-py3-none-manylinux1_x86_64.whl", hash = "sha256:71f8111eb830879ff2836db3cccf03bbd735df9b0d17cd93761732ac50a8a108", size = 557140881, upload-time = "2022-08-10T00:14:42.613Z" },
]

[[package]]
name = "onnxruntime"
version = "1.7.0"
source = { registry = "https://mirrors.tuna.tsinghua.edu.cn/pypi/web/simple/" }
dependencies = [
    { name = "numpy" },
    { name = "protobuf" },
]
wheels = [
    { url = "https://mirrors.tuna.tsinghua.edu.cn/pypi/web/packages/10/27/c285c8b0ebf46e38a574a0cbb199efa5b386306fc4e0a8d3e85ad2b624c6/onnxruntime-1.7.0-cp37-cp37m-macosx_10_12_x86_64.whl", hash = "sha256:9857958d0299167c78fac9e4e279f1373cb1990224a17fa434b7be7c2434611e", size = 4641299, upload-time = "2021-03-02T20:05:49.106Z" },
    { url = "https://mirrors.tuna.tsinghua.edu.cn/pypi/web/packages/7f/b3/e2fe7fb8a6f30d8effbf9ebfb80b2135a0f7c6458cc5d40e074193d185a7/onnxruntime-1.7.0-cp37-cp37m-manylinux2014_aarch64.whl", hash = "sha256:0765c0596b24f50feaf4f7e02ba3955da167a6ab2373b6e74dde4e00cd27eeef", size = 7211968, upload-time = "2021-03-02T20:05:42.973Z" },
    { url = "https://mirrors.tuna.tsinghua.edu.cn/pypi/web/packages/0c/f0/666d6e3ceaa276a54e728f9972732e058544cbb6a3e1a778a8d6f87132c1/onnxruntime-1.7.0-cp37-cp37m-manylinux2014_x86_64.whl", hash = "sha256:9b76c3c7557c0242b03af5cfd1ddb6ce049b6db4875e29294651f4369d437289", size = 4136059, upload-time = "2021-03-02T20:05:24.034Z" },
    { url = "https://mirrors.tuna.tsinghua.edu.cn/pypi/web/packages/88/ac/ae86d5fa7509fd72ed4663386d9b650972264a87b36de7a915826a9c0957/onnxruntime-1.7.0-cp37-cp37m-win_amd64.whl", hash = "sha256:b59028c2fc61ff7dcc3399af318cd64133267a4b8b3bf89784fe1c251c8fe251", size = 4366833, upload-time = "2021-03-02T20:04:58.725Z" },
]

[[package]]
name = "packaging"
version = "24.0"
source = { registry = "https://mirrors.tuna.tsinghua.edu.cn/pypi/web/simple/" }
sdist = { url = "https://mirrors.tuna.tsinghua.edu.cn/pypi/web/packages/ee/b5/b43a27ac7472e1818c4bafd44430e69605baefe1f34440593e0332ec8b4d/packaging-24.0.tar.gz", hash = "sha256:eb82c5e3e56209074766e6885bb04b8c38a0c015d0a30036ebe7ece34c9989e9", size = 147882, upload-time = "2024-03-10T09:39:28.33Z" }
wheels = [
    { url = "https://mirrors.tuna.tsinghua.edu.cn/pypi/web/packages/49/df/1fceb2f8900f8639e278b056416d49134fb8d84c5942ffaa01ad34782422/packaging-24.0-py3-none-any.whl", hash = "sha256:2ddfb553fdf02fb784c234c7ba6ccc288296ceabec964ad2eae3777778130bc5", size = 53488, upload-time = "2024-03-10T09:39:25.947Z" },
]

[[package]]
name = "pathspec"
version = "0.11.2"
source = { registry = "https://mirrors.tuna.tsinghua.edu.cn/pypi/web/simple/" }
sdist = { url = "https://mirrors.tuna.tsinghua.edu.cn/pypi/web/packages/a0/2a/bd167cdf116d4f3539caaa4c332752aac0b3a0cc0174cdb302ee68933e81/pathspec-0.11.2.tar.gz", hash = "sha256:e0d8d0ac2f12da61956eb2306b69f9469b42f4deb0f3cb6ed47b9cce9996ced3", size = 47032, upload-time = "2023-07-29T01:05:04.481Z" }
wheels = [
    { url = "https://mirrors.tuna.tsinghua.edu.cn/pypi/web/packages/b4/2a/9b1be29146139ef459188f5e420a66e835dda921208db600b7037093891f/pathspec-0.11.2-py3-none-any.whl", hash = "sha256:1d6ed233af05e679efb96b1851550ea95bbb64b7c490b0f5aa52996c11e92a20", size = 29603, upload-time = "2023-07-29T01:05:02.656Z" },
]

[[package]]
name = "perfectdou"
version = "1.0.0"
source = { editable = "." }
dependencies = [
    { name = "onnxruntime" },
    { name = "rlcard" },
    { name = "torch" },
]

[package.optional-dependencies]
dev = [
    { name = "black" },
    { name = "flake8" },
    { name = "mypy" },
    { name = "pytest" },
]

[package.metadata]
requires-dist = [
    { name = "black", marker = "extra == 'dev'", specifier = ">=22.0.0,<23.0.0" },
    { name = "flake8", marker = "extra == 'dev'", specifier = ">=4.0.0,<5.0.0" },
    { name = "mypy", marker = "extra == 'dev'", specifier = ">=0.950,<1.0.0" },
    { name = "onnxruntime", specifier = "==1.7.0" },
    { name = "pytest", marker = "extra == 'dev'", specifier = ">=7.0.0,<8.0.0" },
    { name = "rlcard", specifier = ">=1.0.0,<2.0.0" },
    { name = "torch", specifier = ">=1.6.0" },
]
provides-extras = ["dev"]

[[package]]
name = "platformdirs"
version = "4.0.0"
source = { registry = "https://mirrors.tuna.tsinghua.edu.cn/pypi/web/simple/" }
dependencies = [
    { name = "typing-extensions" },
]
sdist = { url = "https://mirrors.tuna.tsinghua.edu.cn/pypi/web/packages/31/28/e40d24d2e2eb23135f8533ad33d582359c7825623b1e022f9d460def7c05/platformdirs-4.0.0.tar.gz", hash = "sha256:cb633b2bcf10c51af60beb0ab06d2f1d69064b43abf4c185ca6b28865f3f9731", size = 19914, upload-time = "2023-11-10T16:43:08.316Z" }
wheels = [
    { url = "https://mirrors.tuna.tsinghua.edu.cn/pypi/web/packages/31/16/70be3b725073035aa5fc3229321d06e22e73e3e09f6af78dcfdf16c7636c/platformdirs-4.0.0-py3-none-any.whl", hash = "sha256:118c954d7e949b35437270383a3f2531e99dd93cf7ce4dc8340d3356d30f173b", size = 17562, upload-time = "2023-11-10T16:43:06.949Z" },
]

[[package]]
name = "pluggy"
version = "1.2.0"
source = { registry = "https://mirrors.tuna.tsinghua.edu.cn/pypi/web/simple/" }
dependencies = [
    { name = "importlib-metadata" },
]
sdist = { url = "https://mirrors.tuna.tsinghua.edu.cn/pypi/web/packages/8a/42/8f2833655a29c4e9cb52ee8a2be04ceac61bcff4a680fb338cbd3d1e322d/pluggy-1.2.0.tar.gz", hash = "sha256:d12f0c4b579b15f5e054301bb226ee85eeeba08ffec228092f8defbaa3a4c4b3", size = 61613, upload-time = "2023-06-21T09:12:28.745Z" }
wheels = [
    { url = "https://mirrors.tuna.tsinghua.edu.cn/pypi/web/packages/51/32/4a79112b8b87b21450b066e102d6608907f4c885ed7b04c3fdb085d4d6ae/pluggy-1.2.0-py3-none-any.whl", hash = "sha256:c2fd55a7d7a3863cba1a013e4e2414658b1d07b6bc57b3919e0c63c9abb99849", size = 17695, upload-time = "2023-06-21T09:12:27.397Z" },
]

[[package]]
name = "protobuf"
version = "4.24.4"
source = { registry = "https://mirrors.tuna.tsinghua.edu.cn/pypi/web/simple/" }
sdist = { url = "https://mirrors.tuna.tsinghua.edu.cn/pypi/web/packages/52/5c/f2c0778278259089952f94b0884ca27a001a17ffbd992ebe30c841085f4c/protobuf-4.24.4.tar.gz", hash = "sha256:5a70731910cd9104762161719c3d883c960151eea077134458503723b60e3667", size = 383850, upload-time = "2023-10-04T17:08:17.627Z" }
wheels = [
    { url = "https://mirrors.tuna.tsinghua.edu.cn/pypi/web/packages/00/0f/3dc2f86e9c3d6e73c56d915a3563ecc96ebee8144fb39614f0d6c1fb023d/protobuf-4.24.4-cp310-abi3-win32.whl", hash = "sha256:ec9912d5cb6714a5710e28e592ee1093d68c5ebfeda61983b3f40331da0b1ebb", size = 409968, upload-time = "2023-10-04T17:07:54.375Z" },
    { url = "https://mirrors.tuna.tsinghua.edu.cn/pypi/web/packages/c2/59/f89c04923d68595d359f4cd7adbbdf5e5d791257945f8873d88b2fd1f979/protobuf-4.24.4-cp310-abi3-win_amd64.whl", hash = "sha256:1badab72aa8a3a2b812eacfede5020472e16c6b2212d737cefd685884c191085", size = 430493, upload-time = "2023-10-04T17:07:56.476Z" },
    { url = "https://mirrors.tuna.tsinghua.edu.cn/pypi/web/packages/88/12/efb5896c901382548ecb58d0449885a8f9aa62bb559d65e5a8a47f122629/protobuf-4.24.4-cp37-abi3-macosx_10_9_universal2.whl", hash = "sha256:8e61a27f362369c2f33248a0ff6896c20dcd47b5d48239cb9720134bef6082e4", size = 409417, upload-time = "2023-10-04T17:07:58.479Z" },
    { url = "https://mirrors.tuna.tsinghua.edu.cn/pypi/web/packages/db/61/9c7b481771fe4702fb3be1152812fecec9b06f9c36d523ad52b98cb46800/protobuf-4.24.4-cp37-abi3-manylinux2014_aarch64.whl", hash = "sha256:bffa46ad9612e6779d0e51ae586fde768339b791a50610d85eb162daeb23661e", size = 310587, upload-time = "2023-10-04T17:08:00.391Z" },
    { url = "https://mirrors.tuna.tsinghua.edu.cn/pypi/web/packages/c8/2c/03046cac73f46bfe98fc846ef629cf4f84c2f59258216aa2cc0d22bfca8f/protobuf-4.24.4-cp37-abi3-manylinux2014_x86_64.whl", hash = "sha256:b493cb590960ff863743b9ff1452c413c2ee12b782f48beca77c8da3e2ffe9d9", size = 311559, upload-time = "2023-10-04T17:08:02.672Z" },
    { url = "https://mirrors.tuna.tsinghua.edu.cn/pypi/web/packages/92/fd/b965c32ad16c2b5e074e6aed141a6b4af055cbd2c595ee9391a9a2892482/protobuf-4.24.4-cp37-cp37m-win32.whl", hash = "sha256:dbbed8a56e56cee8d9d522ce844a1379a72a70f453bde6243e3c86c30c2a3d46", size = 409704, upload-time = "2023-10-04T17:08:04.64Z" },
    { url = "https://mirrors.tuna.tsinghua.edu.cn/pypi/web/packages/61/70/ee9585603255156d88f07528a6094733e37f8e3f72711b8583fcbb77d5ec/protobuf-4.24.4-cp37-cp37m-win_amd64.whl", hash = "sha256:6b7d2e1c753715dcfe9d284a25a52d67818dd43c4932574307daf836f0071e37", size = 430025, upload-time = "2023-10-04T17:08:06.25Z" },
    { url = "https://mirrors.tuna.tsinghua.edu.cn/pypi/web/packages/e5/a7/bb962b8b981dd890a44a34d0e922b76c32e5db443ff9f9b9ce6149069070/protobuf-4.24.4-py3-none-any.whl", hash = "sha256:80797ce7424f8c8d2f2547e2d42bfbb6c08230ce5832d6c099a37335c9c90a92", size = 175677, upload-time = "2023-10-04T17:08:15.684Z" },
]

[[package]]
name = "pycodestyle"
version = "2.8.0"
source = { registry = "https://mirrors.tuna.tsinghua.edu.cn/pypi/web/simple/" }
sdist = { url = "https://mirrors.tuna.tsinghua.edu.cn/pypi/web/packages/08/dc/b29daf0a202b03f57c19e7295b60d1d5e1281c45a6f5f573e41830819918/pycodestyle-2.8.0.tar.gz", hash = "sha256:eddd5847ef438ea1c7870ca7eb78a9d47ce0cdb4851a5523949f2601d0cbbe7f", size = 102299, upload-time = "2021-10-11T00:56:27.496Z" }
wheels = [
    { url = "https://mirrors.tuna.tsinghua.edu.cn/pypi/web/packages/15/94/bc43a2efb7b8615e38acde2b6624cae8c9ec86faf718ff5676c5179a7714/pycodestyle-2.8.0-py2.py3-none-any.whl", hash = "sha256:720f8b39dde8b293825e7ff02c475f3077124006db4f440dcbc9a20b76548a20", size = 42112, upload-time = "2021-10-11T00:56:25.599Z" },
]

[[package]]
name = "pyflakes"
version = "2.4.0"
source = { registry = "https://mirrors.tuna.tsinghua.edu.cn/pypi/web/simple/" }
sdist = { url = "https://mirrors.tuna.tsinghua.edu.cn/pypi/web/packages/15/60/c577e54518086e98470e9088278247f4af1d39cb43bcbd731e2c307acd6a/pyflakes-2.4.0.tar.gz", hash = "sha256:05a85c2872edf37a4ed30b0cce2f6093e1d0581f8c19d7393122da7e25b2b24c", size = 69101, upload-time = "2021-10-06T20:39:50.936Z" }
wheels = [
    { url = "https://mirrors.tuna.tsinghua.edu.cn/pypi/web/packages/43/fb/38848eb494af7df9aeb2d7673ace8b213313eb7e391691a79dbaeb6a838f/pyflakes-2.4.0-py2.py3-none-any.whl", hash = "sha256:3bb3a3f256f4b7968c9c788781e4ff07dce46bdf12339dcda61053375426ee2e", size = 69704, upload-time = "2021-10-06T20:39:49.185Z" },
]

[[package]]
name = "pytest"
version = "7.4.4"
source = { registry = "https://mirrors.tuna.tsinghua.edu.cn/pypi/web/simple/" }
dependencies = [
    { name = "colorama", marker = "sys_platform == 'win32'" },
    { name = "exceptiongroup" },
    { name = "importlib-metadata" },
    { name = "iniconfig" },
    { name = "packaging" },
    { name = "pluggy" },
    { name = "tomli" },
]
sdist = { url = "https://mirrors.tuna.tsinghua.edu.cn/pypi/web/packages/80/1f/9d8e98e4133ffb16c90f3b405c43e38d3abb715bb5d7a63a5a684f7e46a3/pytest-7.4.4.tar.gz", hash = "sha256:2cf0005922c6ace4a3e2ec8b4080eb0d9753fdc93107415332f50ce9e7994280", size = 1357116, upload-time = "2023-12-31T12:00:18.035Z" }
wheels = [
    { url = "https://mirrors.tuna.tsinghua.edu.cn/pypi/web/packages/51/ff/f6e8b8f39e08547faece4bd80f89d5a8de68a38b2d179cc1c4490ffa3286/pytest-7.4.4-py3-none-any.whl", hash = "sha256:b090cdf5ed60bf4c45261be03239c2c1c22df034fbffe691abe93cd80cea01d8", size = 325287, upload-time = "2023-12-31T12:00:13.963Z" },
]

[[package]]
name = "rlcard"
version = "1.2.0"
source = { registry = "https://mirrors.tuna.tsinghua.edu.cn/pypi/web/simple/" }
dependencies = [
    { name = "numpy" },
    { name = "termcolor" },
]
sdist = { url = "https://mirrors.tuna.tsinghua.edu.cn/pypi/web/packages/d4/d2/6bb5b8d6743c7846a03187cf7d5d7cb73cee94aa129a57f449310bdf33be/rlcard-1.2.0.tar.gz", hash = "sha256:d8e74211cecb44e9b1ee37c18a9014fa5c5549af5f4fc25cd643eb591e15520b", size = 269029, upload-time = "2023-04-19T16:44:06.826Z" }

[[package]]
name = "setuptools"
version = "68.0.0"
source = { registry = "https://mirrors.tuna.tsinghua.edu.cn/pypi/web/simple/" }
sdist = { url = "https://mirrors.tuna.tsinghua.edu.cn/pypi/web/packages/dc/98/5f896af066c128669229ff1aa81553ac14cfb3e5e74b6b44594132b8540e/setuptools-68.0.0.tar.gz", hash = "sha256:baf1fdb41c6da4cd2eae722e135500da913332ab3f2f5c7d33af9b492acb5235", size = 2194111, upload-time = "2023-06-19T15:53:05.082Z" }
wheels = [
    { url = "https://mirrors.tuna.tsinghua.edu.cn/pypi/web/packages/c7/42/be1c7bbdd83e1bfb160c94b9cafd8e25efc7400346cf7ccdbdb452c467fa/setuptools-68.0.0-py3-none-any.whl", hash = "sha256:11e52c67415a381d10d6b462ced9cfb97066179f0e871399e006c4ab101fc85f", size = 804037, upload-time = "2023-06-19T15:53:03.089Z" },
]

[[package]]
name = "termcolor"
version = "2.3.0"
source = { registry = "https://mirrors.tuna.tsinghua.edu.cn/pypi/web/simple/" }
sdist = { url = "https://mirrors.tuna.tsinghua.edu.cn/pypi/web/packages/b8/85/147a0529b4e80b6b9d021ca8db3a820fcac53ec7374b87073d004aaf444c/termcolor-2.3.0.tar.gz", hash = "sha256:b5b08f68937f138fe92f6c089b99f1e2da0ae56c52b78bf7075fd95420fd9a5a", size = 12163, upload-time = "2023-04-23T19:45:24.004Z" }
wheels = [
    { url = "https://mirrors.tuna.tsinghua.edu.cn/pypi/web/packages/67/e1/434566ffce04448192369c1a282931cf4ae593e91907558eaecd2e9f2801/termcolor-2.3.0-py3-none-any.whl", hash = "sha256:3afb05607b89aed0ffe25202399ee0867ad4d3cb4180d98aaf8eefa6a5f7d475", size = 6872, upload-time = "2023-04-23T19:45:22.671Z" },
]

[[package]]
name = "tomli"
version = "2.0.1"
source = { registry = "https://mirrors.tuna.tsinghua.edu.cn/pypi/web/simple/" }
sdist = { url = "https://mirrors.tuna.tsinghua.edu.cn/pypi/web/packages/c0/3f/d7af728f075fb08564c5949a9c95e44352e23dee646869fa104a3b2060a3/tomli-2.0.1.tar.gz", hash = "sha256:de526c12914f0c550d15924c62d72abc48d6fe7364aa87328337a31007fe8a4f", size = 15164, upload-time = "2022-02-08T10:54:04.006Z" }
wheels = [
    { url = "https://mirrors.tuna.tsinghua.edu.cn/pypi/web/packages/97/75/10a9ebee3fd790d20926a90a2547f0bf78f371b2f13aa822c759680ca7b9/tomli-2.0.1-py3-none-any.whl", hash = "sha256:939de3e7a6161af0c887ef91b7d41a53e7c5a1ca976325f429cb46ea9bc30ecc", size = 12757, upload-time = "2022-02-08T10:54:02.017Z" },
]

[[package]]
name = "torch"
version = "1.13.1"
source = { registry = "https://mirrors.tuna.tsinghua.edu.cn/pypi/web/simple/" }
dependencies = [
    { name = "nvidia-cublas-cu11", marker = "sys_platform == 'linux'" },
    { name = "nvidia-cuda-nvrtc-cu11", marker = "sys_platform == 'linux'" },
    { name = "nvidia-cuda-runtime-cu11", marker = "sys_platform == 'linux'" },
    { name = "nvidia-cudnn-cu11", marker = "sys_platform == 'linux'" },
    { name = "typing-extensions" },
]
wheels = [
    { url = "https://mirrors.tuna.tsinghua.edu.cn/pypi/web/packages/00/86/77a9eddbf46f1bca2468d16a401911f58917f95b63402d6a7a4522521e5d/torch-1.13.1-cp37-cp37m-manylinux1_x86_64.whl", hash = "sha256:76024be052b659ac1304ab8475ab03ea0a12124c3e7626282c9c86798ac7bc11", size = 887515540, upload-time = "2022-12-15T20:12:26.318Z" },
    { url = "https://mirrors.tuna.tsinghua.edu.cn/pypi/web/packages/19/ae/79b619e5f3abc7c3343c19d99678830369e9d87fe5ed44973e08e5b5bcaa/torch-1.13.1-cp37-cp37m-manylinux2014_aarch64.whl", hash = "sha256:ea8dda84d796094eb8709df0fcd6b56dc20b58fdd6bc4e8d7109930dafc8e419", size = 60647426, upload-time = "2022-12-15T20:17:49.97Z" },
    { url = "https://mirrors.tuna.tsinghua.edu.cn/pypi/web/packages/b1/85/62b8da9d984ae95f6fdda707df4af6552a5cea46fde2b944223daf236524/torch-1.13.1-cp37-cp37m-win_amd64.whl", hash = "sha256:2ee7b81e9c457252bddd7d3da66fb1f619a5d12c24d7074de91c4ddafb832c93", size = 162582324, upload-time = "2022-12-15T20:17:38.946Z" },
    { url = "https://mirrors.tuna.tsinghua.edu.cn/pypi/web/packages/b9/18/d97cdc571b4cb90c0d3613cffb19a55ef1e48e74e0c5a6c293e97234b7d3/torch-1.13.1-cp37-none-macosx_10_9_x86_64.whl", hash = "sha256:0d9b8061048cfb78e675b9d2ea8503bfe30db43d583599ae8626b1263a0c1380", size = 135300004, upload-time = "2022-12-15T20:17:21.714Z" },
    { url = "https://mirrors.tuna.tsinghua.edu.cn/pypi/web/packages/24/dd/22d7048ba641ed3699fc2dc04eb3384db1f09b0202b64c9f9fede0243e7d/torch-1.13.1-cp37-none-macosx_11_0_arm64.whl", hash = "sha256:f402ca80b66e9fbd661ed4287d7553f7f3899d9ab54bf5c67faada1555abde28", size = 53126989, upload-time = "2022-12-15T20:17:08.764Z" },
]

[[package]]
name = "typed-ast"
version = "1.5.5"
source = { registry = "https://mirrors.tuna.tsinghua.edu.cn/pypi/web/simple/" }
sdist = { url = "https://mirrors.tuna.tsinghua.edu.cn/pypi/web/packages/f9/7e/a424029f350aa8078b75fd0d360a787a273ca753a678d1104c5fa4f3072a/typed_ast-1.5.5.tar.gz", hash = "sha256:94282f7a354f36ef5dbce0ef3467ebf6a258e370ab33d5b40c249fa996e590dd" }
wheels = [
    { url = "https://mirrors.tuna.tsinghua.edu.cn/pypi/web/packages/d5/00/635353c31b71ed307ab020eff6baed9987da59a1b2ba489f885ecbe293b8/typed_ast-1.5.5-cp37-cp37m-macosx_10_9_x86_64.whl", hash = "sha256:2188bc33d85951ea4ddad55d2b35598b2709d122c11c75cffd529fbc9965508e" },
    { url = "https://mirrors.tuna.tsinghua.edu.cn/pypi/web/packages/01/95/11be104446bb20212a741d30d40eab52a9cfc05ea34efa074ff4f7c16983/typed_ast-1.5.5-cp37-cp37m-manylinux_2_17_aarch64.manylinux2014_aarch64.whl", hash = "sha256:0635900d16ae133cab3b26c607586131269f88266954eb04ec31535c9a12ef1e" },
    { url = "https://mirrors.tuna.tsinghua.edu.cn/pypi/web/packages/32/f1/75bd58fb1410cb72fbc6e8adf163015720db2c38844b46a9149c5ff6bf38/typed_ast-1.5.5-cp37-cp37m-manylinux_2_17_x86_64.manylinux2014_x86_64.whl", hash = "sha256:57bfc3cf35a0f2fdf0a88a3044aafaec1d2f24d8ae8cd87c4f58d615fb5b6311" },
    { url = "https://mirrors.tuna.tsinghua.edu.cn/pypi/web/packages/47/97/0bb4dba688a58ff9c08e63b39653e4bcaa340ce1bb9c1d58163e5c2c66f1/typed_ast-1.5.5-cp37-cp37m-musllinux_1_1_aarch64.whl", hash = "sha256:fe58ef6a764de7b4b36edfc8592641f56e69b7163bba9f9c8089838ee596bfb2" },
    { url = "https://mirrors.tuna.tsinghua.edu.cn/pypi/web/packages/a8/cd/9a867f5a96d83a9742c43914e10d3a2083d8fe894ab9bf60fd467c6c497f/typed_ast-1.5.5-cp37-cp37m-musllinux_1_1_x86_64.whl", hash = "sha256:d09d930c2d1d621f717bb217bf1fe2584616febb5138d9b3e8cdd26506c3f6d4" },
    { url = "https://mirrors.tuna.tsinghua.edu.cn/pypi/web/packages/eb/06/73ca55ee5303b41d08920de775f02d2a3e1e59430371f5adf7fbb1a21127/typed_ast-1.5.5-cp37-cp37m-win_amd64.whl", hash = "sha256:d40c10326893ecab8a80a53039164a224984339b2c32a6baf55ecbd5b1df6431" },
]

[[package]]
name = "typing-extensions"
version = "4.7.1"
source = { registry = "https://mirrors.tuna.tsinghua.edu.cn/pypi/web/simple/" }
sdist = { url = "https://mirrors.tuna.tsinghua.edu.cn/pypi/web/packages/3c/8b/0111dd7d6c1478bf83baa1cab85c686426c7a6274119aceb2bd9d35395ad/typing_extensions-4.7.1.tar.gz", hash = "sha256:b75ddc264f0ba5615db7ba217daeb99701ad295353c45f9e95963337ceeeffb2", size = 72876, upload-time = "2023-07-02T14:20:55.045Z" }
wheels = [
    { url = "https://mirrors.tuna.tsinghua.edu.cn/pypi/web/packages/ec/6b/63cc3df74987c36fe26157ee12e09e8f9db4de771e0f3404263117e75b95/typing_extensions-4.7.1-py3-none-any.whl", hash = "sha256:440d5dd3af93b060174bf433bccd69b0babc3b15b1a8dca43789fd7f61514b36", size = 33232, upload-time = "2023-07-02T14:20:53.275Z" },
]

[[package]]
name = "wheel"
version = "0.42.0"
source = { registry = "https://mirrors.tuna.tsinghua.edu.cn/pypi/web/simple/" }
sdist = { url = "https://mirrors.tuna.tsinghua.edu.cn/pypi/web/packages/b0/b4/bc2baae3970c282fae6c2cb8e0f179923dceb7eaffb0e76170628f9af97b/wheel-0.42.0.tar.gz", hash = "sha256:c45be39f7882c9d34243236f2d63cbd58039e360f85d0913425fbd7ceea617a8", size = 98667, upload-time = "2023-11-26T14:37:13.353Z" }
wheels = [
    { url = "https://mirrors.tuna.tsinghua.edu.cn/pypi/web/packages/c7/c3/55076fc728723ef927521abaa1955213d094933dc36d4a2008d5101e1af5/wheel-0.42.0-py3-none-any.whl", hash = "sha256:177f9c9b0d45c47873b619f5b650346d632cdc35fb5e4d25058e09c9e581433d", size = 65375, upload-time = "2023-11-26T14:37:10.942Z" },
]

[[package]]
name = "zipp"
version = "3.15.0"
source = { registry = "https://mirrors.tuna.tsinghua.edu.cn/pypi/web/simple/" }
sdist = { url = "https://mirrors.tuna.tsinghua.edu.cn/pypi/web/packages/00/27/f0ac6b846684cecce1ee93d32450c45ab607f65c2e0255f0092032d91f07/zipp-3.15.0.tar.gz", hash = "sha256:112929ad649da941c23de50f356a2b5570c954b65150642bccdd66bf194d224b", size = 18454, upload-time = "2023-02-25T02:17:22.503Z" }
wheels = [
    { url = "https://mirrors.tuna.tsinghua.edu.cn/pypi/web/packages/5b/fa/c9e82bbe1af6266adf08afb563905eb87cab83fde00a0a08963510621047/zipp-3.15.0-py3-none-any.whl", hash = "sha256:48904fc76a60e542af151aded95726c1a5c34ed43ab4134b597665c86d7ad556", size = 6758, upload-time = "2023-02-25T02:17:20.807Z" },
]
